
Microsoft Visual Studio Solution File, Format Version 12.00
# Visual Studio Version 17
VisualStudioVersion = 17.2.32317.152
MinimumVisualStudioVersion = 10.0.40219.1
Project("{FAE04EC0-301F-11D3-BF4B-00C04F79EFBC}") = "ColorCross", "ColorCross\ColorCross.csproj", "{724542C6-0FE3-4F72-8D80-F99B33579F90}"
EndProject
Global
	GlobalSection(SolutionConfigurationPlatforms) = preSolution
		Debug|Any CPU = Debug|Any CPU
		Release|Any CPU = Release|Any CPU
	EndGlobalSection
	GlobalSection(ProjectConfigurationPlatforms) = postSolution
		{724542C6-0FE3-4F72-8D80-F99B33579F90}.Debug|Any CPU.ActiveCfg = Debug|Any CPU
		{724542C6-0FE3-4F72-8D80-F99B33579F90}.Debug|Any CPU.Build.0 = Debug|Any CPU
		{724542C6-0FE3-4F72-8D80-F99B33579F90}.Release|Any CPU.ActiveCfg = Release|Any CPU
		{724542C6-0FE3-4F72-8D80-F99B33579F90}.Release|Any CPU.Build.0 = Release|Any CPU
	EndGlobalSection
	GlobalSection(SolutionProperties) = preSolution
		HideSolutionNode = FALSE
	EndGlobalSection
	GlobalSection(ExtensibilityGlobals) = postSolution
		SolutionGuid = {E76E3412-FA3A-43ED-9307-681D7BA4F0F7}
	EndGlobalSection
EndGlobal
